{
    "hash": "b3459eee5dccf8ec465b58c4003dce30",
    "packages": [
        {
            "name": "symfony/console",
            "version": "2.1.x-dev",
            "target-dir": "Symfony/Component/Console",
            "source": {
                "type": "git",
                "url": "https://github.com/symfony/Console",
                "reference": "57d03f87db82eee2d63c2a6a7f767c2e376f6d35"
            },
            "dist": {
                "type": "zip",
                "url": "https://github.com/symfony/Console/zipball/57d03f87db82eee2d63c2a6a7f767c2e376f6d35",
                "reference": "57d03f87db82eee2d63c2a6a7f767c2e376f6d35",
                "shasum": ""
            },
            "require": {
                "php": ">=5.3.3"
            },
            "time": "1348488710",
            "type": "library",
            "extra": {
                "branch-alias": {
                    "dev-master": "2.1-dev"
                }
            },
            "installation-source": "source",
            "autoload": {
                "psr-0": {
                    "Symfony\\Component\\Console": ""
                }
            },
            "license": [
                "MIT"
            ],
            "authors": [
                {
                    "name": "Fabien Potencier",
                    "email": "fabien@symfony.com"
                },
                {
                    "name": "Symfony Community",
                    "homepage": "http://symfony.com/contributors"
                }
            ],
            "description": "Symfony Console Component",
            "homepage": "http://symfony.com"
        }
    ],
    "packages-dev": null,
    "aliases": [

    ],
    "minimum-stability": "stable",
    "stability-flags": {
        "symfony/console": 20
    }
}
